
Microsoft Visual Studio Solution File, Format Version 12.00
# Visual Studio 15
VisualStudioVersion = 15.0.26430.16
MinimumVisualStudioVersion = 10.0.40219.1
Project("{FAE04EC0-301F-11D3-BF4B-00C04F79EFBC}") = "GitHub", "GitHub\GitHub.csproj", "{B8B21D2A-56ED-4AA2-A7D9-EAF055DEEEAB}"
EndProject
Global
	GlobalSection(SolutionConfigurationPlatforms) = preSolution
		Debug|Any CPU = Debug|Any CPU
		Release|Any CPU = Release|Any CPU
	EndGlobalSection
	GlobalSection(ProjectConfigurationPlatforms) = postSolution
		{B8B21D2A-56ED-4AA2-A7D9-EAF055DEEEAB}.Debug|Any CPU.ActiveCfg = Debug|Any CPU
		{B8B21D2A-56ED-4AA2-A7D9-EAF055DEEEAB}.Debug|Any CPU.Build.0 = Debug|Any CPU
		{B8B21D2A-56ED-4AA2-A7D9-EAF055DEEEAB}.Release|Any CPU.ActiveCfg = Release|Any CPU
		{B8B21D2A-56ED-4AA2-A7D9-EAF055DEEEAB}.Release|Any CPU.Build.0 = Release|Any CPU
	EndGlobalSection
	GlobalSection(SolutionProperties) = preSolution
		HideSolutionNode = FALSE
	EndGlobalSection
EndGlobal
